PODS:
  - IQKeyboardManagerSwift (6.5.5)

DEPENDENCIES:
  - IQKeyboardManagerSwift

SPEC REPOS:
  trunk:
    - IQKeyboardManagerSwift

SPEC CHECKSUMS:
  IQKeyboardManagerSwift: 0fb93310284665245591f50f7a5e38de615960b7

PODFILE CHECKSUM: a88bbe3c1666a8ee2c4ecd61b66d7c29ef7d4150

COCOAPODS: 1.9.0.beta.3
