// !$*UTF8*$!
{
	archiveVersion = 1;
	classes = {
	};
	objectVersion = 50;
	objects = {

/* Begin PBXBuildFile section */
		390578502DC7CA4F0149AB27 /* libPods-WebML1.0.a in Frameworks */ = {isa = PBXBuildFile; fileRef = 1934D4D76A9EC34F645AF194 /* libPods-WebML1.0.a */; };
		FF277AEB23E9CF8300959574 /* BreastCancer.swift in Sources */ = {isa = PBXBuildFile; fileRef = FF277AE623E9CF8300959574 /* BreastCancer.swift */; };
		FF277AEC23E9CF8300959574 /* HeartDisease.swift in Sources */ = {isa = PBXBuildFile; fileRef = FF277AE723E9CF8300959574 /* HeartDisease.swift */; };
		FF277AED23E9CF8300959574 /* Diabetes.swift in Sources */ = {isa = PBXBuildFile; fileRef = FF277AE823E9CF8300959574 /* Diabetes.swift */; };
		FF277AEE23E9CF8300959574 /* Sepsis.swift in Sources */ = {isa = PBXBuildFile; fileRef = FF277AE923E9CF8300959574 /* Sepsis.swift */; };
		FF277AEF23E9CF8300959574 /* Liver.swift in Sources */ = {isa = PBXBuildFile; fileRef = FF277AEA23E9CF8300959574 /* Liver.swift */; };
		FF277AF723E9F50600959574 /* SkinCancerVC.swift in Sources */ = {isa = PBXBuildFile; fileRef = FF277AF623E9F50600959574 /* SkinCancerVC.swift */; };
		FF277AFB23EA081200959574 /* DiabetesVC.swift in Sources */ = {isa = PBXBuildFile; fileRef = FF277AFA23EA081200959574 /* DiabetesVC.swift */; };
		FF277B0323EA166C00959574 /* LiverVC.swift in Sources */ = {isa = PBXBuildFile; fileRef = FF277B0223EA166C00959574 /* LiverVC.swift */; };
		FF9427AF23EAB5B000E1A6EB /* ResultVC.swift in Sources */ = {isa = PBXBuildFile; fileRef = FF9427AE23EAB5B000E1A6EB /* ResultVC.swift */; };
		FF9427B523EB203F00E1A6EB /* SepsisVC.swift in Sources */ = {isa = PBXBuildFile; fileRef = FF9427B423EB203E00E1A6EB /* SepsisVC.swift */; };
		FF9427B923EB24B000E1A6EB /* HeartVC.swift in Sources */ = {isa = PBXBuildFile; fileRef = FF9427B823EB24B000E1A6EB /* HeartVC.swift */; };
		FF9427BB23EB26F500E1A6EB /* BreastVC.swift in Sources */ = {isa = PBXBuildFile; fileRef = FF9427BA23EB26F500E1A6EB /* BreastVC.swift */; };
		FF9E5AB323E9A415008648EE /* SkinLesion.swift in Sources */ = {isa = PBXBuildFile; fileRef = FF9E5AB223E9A415008648EE /* SkinLesion.swift */; };
		FF9E5AB523E9B5CB008648EE /* HomeVC.swift in Sources */ = {isa = PBXBuildFile; fileRef = FF9E5AB423E9B5CB008648EE /* HomeVC.swift */; };
		FF9E5ABC23E9C457008648EE /* ham10000.mlmodel in Sources */ = {isa = PBXBuildFile; fileRef = FF9E5ABA23E9C457008648EE /* ham10000.mlmodel */; };
		FF9E5ABD23E9C457008648EE /* SkinCancer.mlmodel in Sources */ = {isa = PBXBuildFile; fileRef = FF9E5ABB23E9C457008648EE /* SkinCancer.mlmodel */; };
		FFD59F0323E9855200EF2B11 /* AppDelegate.swift in Sources */ = {isa = PBXBuildFile; fileRef = FFD59F0223E9855200EF2B11 /* AppDelegate.swift */; };
		FFD59F0523E9855200EF2B11 /* SceneDelegate.swift in Sources */ = {isa = PBXBuildFile; fileRef = FFD59F0423E9855200EF2B11 /* SceneDelegate.swift */; };
		FFD59F0A23E9855200EF2B11 /* Main.storyboard in Resources */ = {isa = PBXBuildFile; fileRef = FFD59F0823E9855200EF2B11 /* Main.storyboard */; };
		FFD59F0C23E9855500EF2B11 /* Assets.xcassets in Resources */ = {isa = PBXBuildFile; fileRef = FFD59F0B23E9855500EF2B11 /* Assets.xcassets */; };
		FFD59F0F23E9855500EF2B11 /* LaunchScreen.storyboard in Resources */ = {isa = PBXBuildFile; fileRef = FFD59F0D23E9855500EF2B11 /* LaunchScreen.storyboard */; };
		FFD59F2123E9878200EF2B11 /* liver.mlmodel in Sources */ = {isa = PBXBuildFile; fileRef = FFD59F1A23E9878200EF2B11 /* liver.mlmodel */; };
		FFD59F2223E9878200EF2B11 /* sepsis.mlmodel in Sources */ = {isa = PBXBuildFile; fileRef = FFD59F1B23E9878200EF2B11 /* sepsis.mlmodel */; };
		FFD59F2423E9878200EF2B11 /* breast_cancer.mlmodel in Sources */ = {isa = PBXBuildFile; fileRef = FFD59F1D23E9878200EF2B11 /* breast_cancer.mlmodel */; };
		FFD59F2523E9878200EF2B11 /* heartdisease.mlmodel in Sources */ = {isa = PBXBuildFile; fileRef = FFD59F1E23E9878200EF2B11 /* heartdisease.mlmodel */; };
		FFD59F2723E9878200EF2B11 /* diabetesmlmodel.mlmodel in Sources */ = {isa = PBXBuildFile; fileRef = FFD59F2023E9878200EF2B11 /* diabetesmlmodel.mlmodel */; };
		FFD59F2923E98F1D00EF2B11 /* home.swift in Sources */ = {isa = PBXBuildFile; fileRef = FFD59F2823E98F1D00EF2B11 /* home.swift */; };
/* End PBXBuildFile section */

/* Begin PBXFileReference section */
		1934D4D76A9EC34F645AF194 /* libPods-WebML1.0.a */ = {isa = PBXFileReference; explicitFileType = archive.ar; includeInIndex = 0; path = "libPods-WebML1.0.a"; sourceTree = BUILT_PRODUCTS_DIR; };
		98B9712BC47649066F7276AE /* Pods-WebML1.0.debug.xcconfig */ = {isa = PBXFileReference; includeInIndex = 1; lastKnownFileType = text.xcconfig; name = "Pods-WebML1.0.debug.xcconfig"; path = "Target Support Files/Pods-WebML1.0/Pods-WebML1.0.debug.xcconfig"; sourceTree = "<group>"; };
		C781EBF20E509F52AFF60BFA /* Pods-WebML1.0.release.xcconfig */ = {isa = PBXFileReference; includeInIndex = 1; lastKnownFileType = text.xcconfig; name = "Pods-WebML1.0.release.xcconfig"; path = "Target Support Files/Pods-WebML1.0/Pods-WebML1.0.release.xcconfig"; sourceTree = "<group>"; };
		FF277AE623E9CF8300959574 /* BreastCancer.swift */ = {isa = PBXFileReference; fileEncoding = 4; lastKnownFileType = sourcecode.swift; path = BreastCancer.swift; sourceTree = "<group>"; };
		FF277AE723E9CF8300959574 /* HeartDisease.swift */ = {isa = PBXFileReference; fileEncoding = 4; lastKnownFileType = sourcecode.swift; path = HeartDisease.swift; sourceTree = "<group>"; };
		FF277AE823E9CF8300959574 /* Diabetes.swift */ = {isa = PBXFileReference; fileEncoding = 4; lastKnownFileType = sourcecode.swift; path = Diabetes.swift; sourceTree = "<group>"; };
		FF277AE923E9CF8300959574 /* Sepsis.swift */ = {isa = PBXFileReference; fileEncoding = 4; lastKnownFileType = sourcecode.swift; path = Sepsis.swift; sourceTree = "<group>"; };
		FF277AEA23E9CF8300959574 /* Liver.swift */ = {isa = PBXFileReference; fileEncoding = 4; lastKnownFileType = sourcecode.swift; path = Liver.swift; sourceTree = "<group>"; };
		FF277AF623E9F50600959574 /* SkinCancerVC.swift */ = {isa = PBXFileReference; fileEncoding = 4; lastKnownFileType = sourcecode.swift; path = SkinCancerVC.swift; sourceTree = "<group>"; };
		FF277AFA23EA081200959574 /* DiabetesVC.swift */ = {isa = PBXFileReference; fileEncoding = 4; lastKnownFileType = sourcecode.swift; path = DiabetesVC.swift; sourceTree = "<group>"; };
		FF277B0223EA166C00959574 /* LiverVC.swift */ = {isa = PBXFileReference; fileEncoding = 4; lastKnownFileType = sourcecode.swift; path = LiverVC.swift; sourceTree = "<group>"; };
		FF6AF79D23EA961F002BFE36 /* IQKeyboardManagerSwift.framework */ = {isa = PBXFileReference; explicitFileType = wrapper.framework; path = IQKeyboardManagerSwift.framework; sourceTree = BUILT_PRODUCTS_DIR; };
		FF9427AE23EAB5B000E1A6EB /* ResultVC.swift */ = {isa = PBXFileReference; fileEncoding = 4; lastKnownFileType = sourcecode.swift; path = ResultVC.swift; sourceTree = "<group>"; };
		FF9427B423EB203E00E1A6EB /* SepsisVC.swift */ = {isa = PBXFileReference; fileEncoding = 4; lastKnownFileType = sourcecode.swift; path = SepsisVC.swift; sourceTree = "<group>"; };
		FF9427B823EB24B000E1A6EB /* HeartVC.swift */ = {isa = PBXFileReference; fileEncoding = 4; lastKnownFileType = sourcecode.swift; path = HeartVC.swift; sourceTree = "<group>"; };
		FF9427BA23EB26F500E1A6EB /* BreastVC.swift */ = {isa = PBXFileReference; fileEncoding = 4; lastKnownFileType = sourcecode.swift; path = BreastVC.swift; sourceTree = "<group>"; };
		FF9E5AB223E9A415008648EE /* SkinLesion.swift */ = {isa = PBXFileReference; fileEncoding = 4; lastKnownFileType = sourcecode.swift; path = SkinLesion.swift; sourceTree = "<group>"; };
		FF9E5AB423E9B5CB008648EE /* HomeVC.swift */ = {isa = PBXFileReference; fileEncoding = 4; lastKnownFileType = sourcecode.swift; path = HomeVC.swift; sourceTree = "<group>"; };
		FF9E5ABA23E9C457008648EE /* ham10000.mlmodel */ = {isa = PBXFileReference; lastKnownFileType = file.mlmodel; name = ham10000.mlmodel; path = ../../../WebML_iOS0.1/HealthCare/ham10000.mlmodel; sourceTree = "<group>"; };
		FF9E5ABB23E9C457008648EE /* SkinCancer.mlmodel */ = {isa = PBXFileReference; lastKnownFileType = file.mlmodel; name = SkinCancer.mlmodel; path = ../../../WebML_iOS0.1/HealthCare/SkinCancer.mlmodel; sourceTree = "<group>"; };
		FFD59EFF23E9855200EF2B11 /* WebML1.0.app */ = {isa = PBXFileReference; explicitFileType = wrapper.application; includeInIndex = 0; path = WebML1.0.app; sourceTree = BUILT_PRODUCTS_DIR; };
		FFD59F0223E9855200EF2B11 /* AppDelegate.swift */ = {isa = PBXFileReference; lastKnownFileType = sourcecode.swift; path = AppDelegate.swift; sourceTree = "<group>"; };
		FFD59F0423E9855200EF2B11 /* SceneDelegate.swift */ = {isa = PBXFileReference; lastKnownFileType = sourcecode.swift; path = SceneDelegate.swift; sourceTree = "<group>"; };
		FFD59F0923E9855200EF2B11 /* Base */ = {isa = PBXFileReference; lastKnownFileType = file.storyboard; name = Base; path = Base.lproj/Main.storyboard; sourceTree = "<group>"; };
		FFD59F0B23E9855500EF2B11 /* Assets.xcassets */ = {isa = PBXFileReference; lastKnownFileType = folder.assetcatalog; path = Assets.xcassets; sourceTree = "<group>"; };
		FFD59F0E23E9855500EF2B11 /* Base */ = {isa = PBXFileReference; lastKnownFileType = file.storyboard; name = Base; path = Base.lproj/LaunchScreen.storyboard; sourceTree = "<group>"; };
		FFD59F1023E9855500EF2B11 /* Info.plist */ = {isa = PBXFileReference; lastKnownFileType = text.plist.xml; path = Info.plist; sourceTree = "<group>"; };
		FFD59F1A23E9878200EF2B11 /* liver.mlmodel */ = {isa = PBXFileReference; lastKnownFileType = file.mlmodel; path = liver.mlmodel; sourceTree = "<group>"; };
		FFD59F1B23E9878200EF2B11 /* sepsis.mlmodel */ = {isa = PBXFileReference; lastKnownFileType = file.mlmodel; path = sepsis.mlmodel; sourceTree = "<group>"; };
		FFD59F1D23E9878200EF2B11 /* breast_cancer.mlmodel */ = {isa = PBXFileReference; lastKnownFileType = file.mlmodel; path = breast_cancer.mlmodel; sourceTree = "<group>"; };
		FFD59F1E23E9878200EF2B11 /* heartdisease.mlmodel */ = {isa = PBXFileReference; lastKnownFileType = file.mlmodel; path = heartdisease.mlmodel; sourceTree = "<group>"; };
		FFD59F2023E9878200EF2B11 /* diabetesmlmodel.mlmodel */ = {isa = PBXFileReference; lastKnownFileType = file.mlmodel; path = diabetesmlmodel.mlmodel; sourceTree = "<group>"; };
		FFD59F2823E98F1D00EF2B11 /* home.swift */ = {isa = PBXFileReference; lastKnownFileType = sourcecode.swift; path = home.swift; sourceTree = "<group>"; };
/* End PBXFileReference section */

/* Begin PBXFrameworksBuildPhase section */
		FFD59EFC23E9855200EF2B11 /* Frameworks */ = {
			isa = PBXFrameworksBuildPhase;
			buildActionMask = 2147483647;
			files = (
				390578502DC7CA4F0149AB27 /* libPods-WebML1.0.a in Frameworks */,
			);
			runOnlyForDeploymentPostprocessing = 0;
		};
/* End PBXFrameworksBuildPhase section */

/* Begin PBXGroup section */
		39C010EA51877DE8DBE4BC58 /* Frameworks */ = {
			isa = PBXGroup;
			children = (
				FF6AF79D23EA961F002BFE36 /* IQKeyboardManagerSwift.framework */,
				1934D4D76A9EC34F645AF194 /* libPods-WebML1.0.a */,
			);
			name = Frameworks;
			sourceTree = "<group>";
		};
		F4EA04D827265E99483054A5 /* Pods */ = {
			isa = PBXGroup;
			children = (
				98B9712BC47649066F7276AE /* Pods-WebML1.0.debug.xcconfig */,
				C781EBF20E509F52AFF60BFA /* Pods-WebML1.0.release.xcconfig */,
			);
			path = Pods;
			sourceTree = "<group>";
		};
		FF9427B023EB1EE700E1A6EB /* DiseaseVC */ = {
			isa = PBXGroup;
			children = (
				FF9E5AB223E9A415008648EE /* SkinLesion.swift */,
				FF9427B423EB203E00E1A6EB /* SepsisVC.swift */,
				FF9427BA23EB26F500E1A6EB /* BreastVC.swift */,
				FF277AF623E9F50600959574 /* SkinCancerVC.swift */,
				FF9427B823EB24B000E1A6EB /* HeartVC.swift */,
				FF277AFA23EA081200959574 /* DiabetesVC.swift */,
				FF277B0223EA166C00959574 /* LiverVC.swift */,
			);
			path = DiseaseVC;
			sourceTree = "<group>";
		};
		FFD59EF623E9855200EF2B11 = {
			isa = PBXGroup;
			children = (
				FFD59F0123E9855200EF2B11 /* WebML1.0 */,
				FFD59F0023E9855200EF2B11 /* Products */,
				F4EA04D827265E99483054A5 /* Pods */,
				39C010EA51877DE8DBE4BC58 /* Frameworks */,
			);
			sourceTree = "<group>";
		};
		FFD59F0023E9855200EF2B11 /* Products */ = {
			isa = PBXGroup;
			children = (
				FFD59EFF23E9855200EF2B11 /* WebML1.0.app */,
			);
			name = Products;
			sourceTree = "<group>";
		};
		FFD59F0123E9855200EF2B11 /* WebML1.0 */ = {
			isa = PBXGroup;
			children = (
				FFD59F1923E9873900EF2B11 /* MLModels */,
				FFD59F1823E9872A00EF2B11 /* Model */,
				FFD59F1723E9871E00EF2B11 /* View */,
				FFD59F0223E9855200EF2B11 /* AppDelegate.swift */,
				FFD59F0423E9855200EF2B11 /* SceneDelegate.swift */,
				FFD59F1623E9870000EF2B11 /* Controller */,
				FFD59F0B23E9855500EF2B11 /* Assets.xcassets */,
				FFD59F0D23E9855500EF2B11 /* LaunchScreen.storyboard */,
				FFD59F1023E9855500EF2B11 /* Info.plist */,
			);
			path = WebML1.0;
			sourceTree = "<group>";
		};
		FFD59F1623E9870000EF2B11 /* Controller */ = {
			isa = PBXGroup;
			children = (
				FF9E5AB423E9B5CB008648EE /* HomeVC.swift */,
				FF9427AE23EAB5B000E1A6EB /* ResultVC.swift */,
				FF9427B023EB1EE700E1A6EB /* DiseaseVC */,
			);
			path = Controller;
			sourceTree = "<group>";
		};
		FFD59F1723E9871E00EF2B11 /* View */ = {
			isa = PBXGroup;
			children = (
				FFD59F0823E9855200EF2B11 /* Main.storyboard */,
			);
			path = View;
			sourceTree = "<group>";
		};
		FFD59F1823E9872A00EF2B11 /* Model */ = {
			isa = PBXGroup;
			children = (
				FFD59F2823E98F1D00EF2B11 /* home.swift */,
				FF277AE623E9CF8300959574 /* BreastCancer.swift */,
				FF277AE823E9CF8300959574 /* Diabetes.swift */,
				FF277AE723E9CF8300959574 /* HeartDisease.swift */,
				FF277AEA23E9CF8300959574 /* Liver.swift */,
				FF277AE923E9CF8300959574 /* Sepsis.swift */,
			);
			path = Model;
			sourceTree = "<group>";
		};
		FFD59F1923E9873900EF2B11 /* MLModels */ = {
			isa = PBXGroup;
			children = (
				FFD59F1D23E9878200EF2B11 /* breast_cancer.mlmodel */,
				FFD59F2023E9878200EF2B11 /* diabetesmlmodel.mlmodel */,
				FFD59F1E23E9878200EF2B11 /* heartdisease.mlmodel */,
				FFD59F1A23E9878200EF2B11 /* liver.mlmodel */,
				FF9E5ABA23E9C457008648EE /* ham10000.mlmodel */,
				FF9E5ABB23E9C457008648EE /* SkinCancer.mlmodel */,
				FFD59F1B23E9878200EF2B11 /* sepsis.mlmodel */,
			);
			path = MLModels;
			sourceTree = "<group>";
		};
/* End PBXGroup section */

/* Begin PBXNativeTarget section */
		FFD59EFE23E9855200EF2B11 /* WebML1.0 */ = {
			isa = PBXNativeTarget;
			buildConfigurationList = FFD59F1323E9855500EF2B11 /* Build configuration list for PBXNativeTarget "WebML1.0" */;
			buildPhases = (
				DDFF955CE986BD211A924BE3 /* [CP] Check Pods Manifest.lock */,
				FFD59EFB23E9855200EF2B11 /* Sources */,
				FFD59EFC23E9855200EF2B11 /* Frameworks */,
				FFD59EFD23E9855200EF2B11 /* Resources */,
			);
			buildRules = (
			);
			dependencies = (
			);
			name = WebML1.0;
			productName = WebML1.0;
			productReference = FFD59EFF23E9855200EF2B11 /* WebML1.0.app */;
			productType = "com.apple.product-type.application";
		};
/* End PBXNativeTarget section */

/* Begin PBXProject section */
		FFD59EF723E9855200EF2B11 /* Project object */ = {
			isa = PBXProject;
			attributes = {
				LastSwiftUpdateCheck = 1130;
				LastUpgradeCheck = 1130;
				ORGANIZATIONNAME = "Pushpinder Pal Singh";
				TargetAttributes = {
					FFD59EFE23E9855200EF2B11 = {
						CreatedOnToolsVersion = 11.3.1;
					};
				};
			};
			buildConfigurationList = FFD59EFA23E9855200EF2B11 /* Build configuration list for PBXProject "WebML1.0" */;
			compatibilityVersion = "Xcode 9.3";
			developmentRegion = en;
			hasScannedForEncodings = 0;
			knownRegions = (
				en,
				Base,
			);
			mainGroup = FFD59EF623E9855200EF2B11;
			productRefGroup = FFD59F0023E9855200EF2B11 /* Products */;
			projectDirPath = "";
			projectRoot = "";
			targets = (
				FFD59EFE23E9855200EF2B11 /* WebML1.0 */,
			);
		};
/* End PBXProject section */

/* Begin PBXResourcesBuildPhase section */
		FFD59EFD23E9855200EF2B11 /* Resources */ = {
			isa = PBXResourcesBuildPhase;
			buildActionMask = 2147483647;
			files = (
				FFD59F0F23E9855500EF2B11 /* LaunchScreen.storyboard in Resources */,
				FFD59F0C23E9855500EF2B11 /* Assets.xcassets in Resources */,
				FFD59F0A23E9855200EF2B11 /* Main.storyboard in Resources */,
			);
			runOnlyForDeploymentPostprocessing = 0;
		};
/* End PBXResourcesBuildPhase section */

/* Begin PBXShellScriptBuildPhase section */
		DDFF955CE986BD211A924BE3 /* [CP] Check Pods Manifest.lock */ = {
			isa = PBXShellScriptBuildPhase;
			buildActionMask = 2147483647;
			files = (
			);
			inputFileListPaths = (
			);
			inputPaths = (
				"${PODS_PODFILE_DIR_PATH}/Podfile.lock",
				"${PODS_ROOT}/Manifest.lock",
			);
			name = "[CP] Check Pods Manifest.lock";
			outputFileListPaths = (
			);
			outputPaths = (
				"$(DERIVED_FILE_DIR)/Pods-WebML1.0-checkManifestLockResult.txt",
			);
			runOnlyForDeploymentPostprocessing = 0;
			shellPath = /bin/sh;
			shellScript = "diff \"${PODS_PODFILE_DIR_PATH}/Podfile.lock\" \"${PODS_ROOT}/Manifest.lock\" > /dev/null\nif [ $? != 0 ] ; then\n    # print error to STDERR\n    echo \"error: The sandbox is not in sync with the Podfile.lock. Run 'pod install' or update your CocoaPods installation.\" >&2\n    exit 1\nfi\n# This output is used by Xcode 'outputs' to avoid re-running this script phase.\necho \"SUCCESS\" > \"${SCRIPT_OUTPUT_FILE_0}\"\n";
			showEnvVarsInLog = 0;
		};
/* End PBXShellScriptBuildPhase section */

/* Begin PBXSourcesBuildPhase section */
		FFD59EFB23E9855200EF2B11 /* Sources */ = {
			isa = PBXSourcesBuildPhase;
			buildActionMask = 2147483647;
			files = (
				FF9427B523EB203F00E1A6EB /* SepsisVC.swift in Sources */,
				FFD59F2723E9878200EF2B11 /* diabetesmlmodel.mlmodel in Sources */,
				FFD59F2223E9878200EF2B11 /* sepsis.mlmodel in Sources */,
				FF277AEB23E9CF8300959574 /* BreastCancer.swift in Sources */,
				FFD59F0323E9855200EF2B11 /* AppDelegate.swift in Sources */,
				FFD59F0523E9855200EF2B11 /* SceneDelegate.swift in Sources */,
				FFD59F2423E9878200EF2B11 /* breast_cancer.mlmodel in Sources */,
				FF9E5AB323E9A415008648EE /* SkinLesion.swift in Sources */,
				FF9E5ABC23E9C457008648EE /* ham10000.mlmodel in Sources */,
				FFD59F2123E9878200EF2B11 /* liver.mlmodel in Sources */,
				FF277AEE23E9CF8300959574 /* Sepsis.swift in Sources */,
				FF277AF723E9F50600959574 /* SkinCancerVC.swift in Sources */,
				FF277AFB23EA081200959574 /* DiabetesVC.swift in Sources */,
				FF277AED23E9CF8300959574 /* Diabetes.swift in Sources */,
				FFD59F2923E98F1D00EF2B11 /* home.swift in Sources */,
				FF9E5AB523E9B5CB008648EE /* HomeVC.swift in Sources */,
				FF277AEF23E9CF8300959574 /* Liver.swift in Sources */,
				FFD59F2523E9878200EF2B11 /* heartdisease.mlmodel in Sources */,
				FF277AEC23E9CF8300959574 /* HeartDisease.swift in Sources */,
				FF9427BB23EB26F500E1A6EB /* BreastVC.swift in Sources */,
				FF277B0323EA166C00959574 /* LiverVC.swift in Sources */,
				FF9427B923EB24B000E1A6EB /* HeartVC.swift in Sources */,
				FF9E5ABD23E9C457008648EE /* SkinCancer.mlmodel in Sources */,
				FF9427AF23EAB5B000E1A6EB /* ResultVC.swift in Sources */,
			);
			runOnlyForDeploymentPostprocessing = 0;
		};
/* End PBXSourcesBuildPhase section */

/* Begin PBXVariantGroup section */
		FFD59F0823E9855200EF2B11 /* Main.storyboard */ = {
			isa = PBXVariantGroup;
			children = (
				FFD59F0923E9855200EF2B11 /* Base */,
			);
			name = Main.storyboard;
			sourceTree = "<group>";
		};
		FFD59F0D23E9855500EF2B11 /* LaunchScreen.storyboard */ = {
			isa = PBXVariantGroup;
			children = (
				FFD59F0E23E9855500EF2B11 /* Base */,
			);
			name = LaunchScreen.storyboard;
			sourceTree = "<group>";
		};
/* End PBXVariantGroup section */

/* Begin XCBuildConfiguration section */
		FFD59F1123E9855500EF2B11 /* Debug */ = {
			isa = XCBuildConfiguration;
			buildSettings = {
				ALWAYS_SEARCH_USER_PATHS = NO;
				CLANG_ANALYZER_NONNULL = YES;
				CLANG_ANALYZER_NUMBER_OBJECT_CONVERSION = YES_AGGRESSIVE;
				CLANG_CXX_LANGUAGE_STANDARD = "gnu++14";
				CLANG_CXX_LIBRARY = "libc++";
				CLANG_ENABLE_MODULES = YES;
				CLANG_ENABLE_OBJC_ARC = YES;
				CLANG_ENABLE_OBJC_WEAK = YES;
				CLANG_WARN_BLOCK_CAPTURE_AUTORELEASING = YES;
				CLANG_WARN_BOOL_CONVERSION = YES;
				CLANG_WARN_COMMA = YES;
				CLANG_WARN_CONSTANT_CONVERSION = YES;
				CLANG_WARN_DEPRECATED_OBJC_IMPLEMENTATIONS = YES;
				CLANG_WARN_DIRECT_OBJC_ISA_USAGE = YES_ERROR;
				CLANG_WARN_DOCUMENTATION_COMMENTS = YES;
				CLANG_WARN_EMPTY_BODY = YES;
				CLANG_WARN_ENUM_CONVERSION = YES;
				CLANG_WARN_INFINITE_RECURSION = YES;
				CLANG_WARN_INT_CONVERSION = YES;
				CLANG_WARN_NON_LITERAL_NULL_CONVERSION = YES;
				CLANG_WARN_OBJC_IMPLICIT_RETAIN_SELF = YES;
				CLANG_WARN_OBJC_LITERAL_CONVERSION = YES;
				CLANG_WARN_OBJC_ROOT_CLASS = YES_ERROR;
				CLANG_WARN_RANGE_LOOP_ANALYSIS = YES;
				CLANG_WARN_STRICT_PROTOTYPES = YES;
				CLANG_WARN_SUSPICIOUS_MOVE = YES;
				CLANG_WARN_UNGUARDED_AVAILABILITY = YES_AGGRESSIVE;
				CLANG_WARN_UNREACHABLE_CODE = YES;
				CLANG_WARN__DUPLICATE_METHOD_MATCH = YES;
				COPY_PHASE_STRIP = NO;
				DEBUG_INFORMATION_FORMAT = dwarf;
				ENABLE_STRICT_OBJC_MSGSEND = YES;
				ENABLE_TESTABILITY = YES;
				GCC_C_LANGUAGE_STANDARD = gnu11;
				GCC_DYNAMIC_NO_PIC = NO;
				GCC_NO_COMMON_BLOCKS = YES;
				GCC_OPTIMIZATION_LEVEL = 0;
				GCC_PREPROCESSOR_DEFINITIONS = (
					"DEBUG=1",
					"$(inherited)",
				);
				GCC_WARN_64_TO_32_BIT_CONVERSION = YES;
				GCC_WARN_ABOUT_RETURN_TYPE = YES_ERROR;
				GCC_WARN_UNDECLARED_SELECTOR = YES;
				GCC_WARN_UNINITIALIZED_AUTOS = YES_AGGRESSIVE;
				GCC_WARN_UNUSED_FUNCTION = YES;
				GCC_WARN_UNUSED_VARIABLE = YES;
				IPHONEOS_DEPLOYMENT_TARGET = 13.0;
				MTL_ENABLE_DEBUG_INFO = INCLUDE_SOURCE;
				MTL_FAST_MATH = YES;
				ONLY_ACTIVE_ARCH = YES;
				SDKROOT = iphoneos;
				SWIFT_ACTIVE_COMPILATION_CONDITIONS = DEBUG;
				SWIFT_OPTIMIZATION_LEVEL = "-Onone";
			};
			name = Debug;
		};
		FFD59F1223E9855500EF2B11 /* Release */ = {
			isa = XCBuildConfiguration;
			buildSettings = {
				ALWAYS_SEARCH_USER_PATHS = NO;
				CLANG_ANALYZER_NONNULL = YES;
				CLANG_ANALYZER_NUMBER_OBJECT_CONVERSION = YES_AGGRESSIVE;
				CLANG_CXX_LANGUAGE_STANDARD = "gnu++14";
				CLANG_CXX_LIBRARY = "libc++";
				CLANG_ENABLE_MODULES = YES;
				CLANG_ENABLE_OBJC_ARC = YES;
				CLANG_ENABLE_OBJC_WEAK = YES;
				CLANG_WARN_BLOCK_CAPTURE_AUTORELEASING = YES;
				CLANG_WARN_BOOL_CONVERSION = YES;
				CLANG_WARN_COMMA = YES;
				CLANG_WARN_CONSTANT_CONVERSION = YES;
				CLANG_WARN_DEPRECATED_OBJC_IMPLEMENTATIONS = YES;
				CLANG_WARN_DIRECT_OBJC_ISA_USAGE = YES_ERROR;
				CLANG_WARN_DOCUMENTATION_COMMENTS = YES;
				CLANG_WARN_EMPTY_BODY = YES;
				CLANG_WARN_ENUM_CONVERSION = YES;
				CLANG_WARN_INFINITE_RECURSION = YES;
				CLANG_WARN_INT_CONVERSION = YES;
				CLANG_WARN_NON_LITERAL_NULL_CONVERSION = YES;
				CLANG_WARN_OBJC_IMPLICIT_RETAIN_SELF = YES;
				CLANG_WARN_OBJC_LITERAL_CONVERSION = YES;
				CLANG_WARN_OBJC_ROOT_CLASS = YES_ERROR;
				CLANG_WARN_RANGE_LOOP_ANALYSIS = YES;
				CLANG_WARN_STRICT_PROTOTYPES = YES;
				CLANG_WARN_SUSPICIOUS_MOVE = YES;
				CLANG_WARN_UNGUARDED_AVAILABILITY = YES_AGGRESSIVE;
				CLANG_WARN_UNREACHABLE_CODE = YES;
				CLANG_WARN__DUPLICATE_METHOD_MATCH = YES;
				COPY_PHASE_STRIP = NO;
				DEBUG_INFORMATION_FORMAT = "dwarf-with-dsym";
				ENABLE_NS_ASSERTIONS = NO;
				ENABLE_STRICT_OBJC_MSGSEND = YES;
				GCC_C_LANGUAGE_STANDARD = gnu11;
				GCC_NO_COMMON_BLOCKS = YES;
				GCC_WARN_64_TO_32_BIT_CONVERSION = YES;
				GCC_WARN_ABOUT_RETURN_TYPE = YES_ERROR;
				GCC_WARN_UNDECLARED_SELECTOR = YES;
				GCC_WARN_UNINITIALIZED_AUTOS = YES_AGGRESSIVE;
				GCC_WARN_UNUSED_FUNCTION = YES;
				GCC_WARN_UNUSED_VARIABLE = YES;
				IPHONEOS_DEPLOYMENT_TARGET = 13.0;
				MTL_ENABLE_DEBUG_INFO = NO;
				MTL_FAST_MATH = YES;
				SDKROOT = iphoneos;
				SWIFT_COMPILATION_MODE = wholemodule;
				SWIFT_OPTIMIZATION_LEVEL = "-O";
				VALIDATE_PRODUCT = YES;
			};
			name = Release;
		};
		FFD59F1423E9855500EF2B11 /* Debug */ = {
			isa = XCBuildConfiguration;
			baseConfigurationReference = 98B9712BC47649066F7276AE /* Pods-WebML1.0.debug.xcconfig */;
			buildSettings = {
				ASSETCATALOG_COMPILER_APPICON_NAME = AppIcon;
				CODE_SIGN_IDENTITY = "Apple Development";
				CODE_SIGN_STYLE = Automatic;
				DEVELOPMENT_TEAM = 4WMQY24R33;
				EMBED_ASSET_PACKS_IN_PRODUCT_BUNDLE = NO;
				INFOPLIST_FILE = WebML1.0/Info.plist;
				LD_RUNPATH_SEARCH_PATHS = (
					"$(inherited)",
					"@executable_path/Frameworks",
				);
				PRODUCT_BUNDLE_IDENTIFIER = "com.pushpinderpalsingh.WebML-";
				PRODUCT_NAME = "$(TARGET_NAME)";
				PROVISIONING_PROFILE_SPECIFIER = "";
				SWIFT_VERSION = 5.0;
				TARGETED_DEVICE_FAMILY = "1,2";
			};
			name = Debug;
		};
		FFD59F1523E9855500EF2B11 /* Release */ = {
			isa = XCBuildConfiguration;
			baseConfigurationReference = C781EBF20E509F52AFF60BFA /* Pods-WebML1.0.release.xcconfig */;
			buildSettings = {
				ASSETCATALOG_COMPILER_APPICON_NAME = AppIcon;
				CODE_SIGN_IDENTITY = "Apple Development";
				CODE_SIGN_STYLE = Automatic;
				DEVELOPMENT_TEAM = 4WMQY24R33;
				EMBED_ASSET_PACKS_IN_PRODUCT_BUNDLE = NO;
				INFOPLIST_FILE = WebML1.0/Info.plist;
				LD_RUNPATH_SEARCH_PATHS = (
					"$(inherited)",
					"@executable_path/Frameworks",
				);
				PRODUCT_BUNDLE_IDENTIFIER = "com.pushpinderpalsingh.WebML-";
				PRODUCT_NAME = "$(TARGET_NAME)";
				PROVISIONING_PROFILE_SPECIFIER = "";
				SWIFT_VERSION = 5.0;
				TARGETED_DEVICE_FAMILY = "1,2";
			};
			name = Release;
		};
/* End XCBuildConfiguration section */

/* Begin XCConfigurationList section */
		FFD59EFA23E9855200EF2B11 /* Build configuration list for PBXProject "WebML1.0" */ = {
			isa = XCConfigurationList;
			buildConfigurations = (
				FFD59F1123E9855500EF2B11 /* Debug */,
				FFD59F1223E9855500EF2B11 /* Release */,
			);
			defaultConfigurationIsVisible = 0;
			defaultConfigurationName = Release;
		};
		FFD59F1323E9855500EF2B11 /* Build configuration list for PBXNativeTarget "WebML1.0" */ = {
			isa = XCConfigurationList;
			buildConfigurations = (
				FFD59F1423E9855500EF2B11 /* Debug */,
				FFD59F1523E9855500EF2B11 /* Release */,
			);
			defaultConfigurationIsVisible = 0;
			defaultConfigurationName = Release;
		};
/* End XCConfigurationList section */
	};
	rootObject = FFD59EF723E9855200EF2B11 /* Project object */;
}
